# THIS IS AN AUTOGENERATED FILE. DO NOT EDIT THIS FILE DIRECTLY.
# yarn lockfile v1


"@esbuild/win32-x64@0.25.2":
  version "0.25.2"
  resolved "https://registry.npmjs.org/@esbuild/win32-x64/-/win32-x64-0.25.2.tgz"
  integrity sha512-kM3HKb16VIXZyIeVrM1ygYmZBKybX8N4p754bw390wGO3Tf2j4L2/WYL+4suWujpgf6GBYs3jv7TyUivdd05JA==

"@rollup/rollup-win32-x64-msvc@4.40.0":
  version "4.40.0"
  resolved "https://registry.npmjs.org/@rollup/rollup-win32-x64-msvc/-/rollup-win32-x64-msvc-4.40.0.tgz"
  integrity sha512-lpPE1cLfP5oPzVjKMx10pgBmKELQnFJXHgvtHCtuJWOv8MxqdEIMNtgHgBFf7Ea2/7EuVwa9fodWUfXAlXZLZQ==

"@socket.io/component-emitter@~3.1.0":
  version "3.1.2"
  resolved "https://registry.npmjs.org/@socket.io/component-emitter/-/component-emitter-3.1.2.tgz"
  integrity sha512-9BCxFwvbGg/RsZK9tjXd8s4UcwR0MWeFQ1XEKIQVVvAGJyINdrqKMcTRyLoK8Rse1GjzLV9cwjWV1olXRWEXVA==

"@types/estree@1.0.7":
  version "1.0.7"
  resolved "https://registry.npmjs.org/@types/estree/-/estree-1.0.7.tgz"
  integrity sha512-w28IoSUCJpidD/TGviZwwMJckNESJZXFu7NBZ5YJ4mEUnNraUn9Pm8HSZm/jDF1pDWYKspWE7oVphigUPRakIQ==

debug@~4.3.1, debug@~4.3.2:
  version "4.3.7"
  resolved "https://registry.npmjs.org/debug/-/debug-4.3.7.tgz"
  integrity sha512-Er2nc/H7RrMXZBFCEim6TCmMk02Z8vLC2Rbi1KEBggpo0fS6l0S1nnapwmIi3yW/+GOJap1Krg4w0Hg80oCqgQ==
  dependencies:
    ms "^2.1.3"

engine.io-client@~6.6.1:
  version "6.6.3"
  resolved "https://registry.npmjs.org/engine.io-client/-/engine.io-client-6.6.3.tgz"
  integrity sha512-T0iLjnyNWahNyv/lcjS2y4oE358tVS/SYQNxYXGAJ9/GLgH4VCvOQ/mhTjqU88mLZCQgiG8RIegFHYCdVC+j5w==
  dependencies:
    "@socket.io/component-emitter" "~3.1.0"
    debug "~4.3.1"
    engine.io-parser "~5.2.1"
    ws "~8.17.1"
    xmlhttprequest-ssl "~2.1.1"

engine.io-parser@~5.2.1:
  version "5.2.3"
  resolved "https://registry.npmjs.org/engine.io-parser/-/engine.io-parser-5.2.3.tgz"
  integrity sha512-HqD3yTBfnBxIrbnM1DoD6Pcq8NECnh8d4As1Qgh0z5Gg3jRRIqijury0CL3ghu/edArpUYiYqQiDUQBIs4np3Q==

esbuild@^0.25.0:
  version "0.25.2"
  resolved "https://registry.npmjs.org/esbuild/-/esbuild-0.25.2.tgz"
  integrity sha512-16854zccKPnC+toMywC+uKNeYSv+/eXkevRAfwRD/G9Cleq66m8XFIrigkbvauLLlCfDL45Q2cWegSg53gGBnQ==
  optionalDependencies:
    "@esbuild/aix-ppc64" "0.25.2"
    "@esbuild/android-arm" "0.25.2"
    "@esbuild/android-arm64" "0.25.2"
    "@esbuild/android-x64" "0.25.2"
    "@esbuild/darwin-arm64" "0.25.2"
    "@esbuild/darwin-x64" "0.25.2"
    "@esbuild/freebsd-arm64" "0.25.2"
    "@esbuild/freebsd-x64" "0.25.2"
    "@esbuild/linux-arm" "0.25.2"
    "@esbuild/linux-arm64" "0.25.2"
    "@esbuild/linux-ia32" "0.25.2"
    "@esbuild/linux-loong64" "0.25.2"
    "@esbuild/linux-mips64el" "0.25.2"
    "@esbuild/linux-ppc64" "0.25.2"
    "@esbuild/linux-riscv64" "0.25.2"
    "@esbuild/linux-s390x" "0.25.2"
    "@esbuild/linux-x64" "0.25.2"
    "@esbuild/netbsd-arm64" "0.25.2"
    "@esbuild/netbsd-x64" "0.25.2"
    "@esbuild/openbsd-arm64" "0.25.2"
    "@esbuild/openbsd-x64" "0.25.2"
    "@esbuild/sunos-x64" "0.25.2"
    "@esbuild/win32-arm64" "0.25.2"
    "@esbuild/win32-ia32" "0.25.2"
    "@esbuild/win32-x64" "0.25.2"

ms@^2.1.3:
  version "2.1.3"
  resolved "https://registry.npmjs.org/ms/-/ms-2.1.3.tgz"
  integrity sha512-6FlzubTLZG3J2a/NVCAleEhjzq5oxgHyaCU9yYXvcLsvoVaHJq/s5xXI6/XXP6tz7R9xAOtHnSO/tXtF3WRTlA==

nanoid@^3.3.8:
  version "3.3.11"
  resolved "https://registry.npmjs.org/nanoid/-/nanoid-3.3.11.tgz"
  integrity sha512-N8SpfPUnUp1bK+PMYW8qSWdl9U+wwNWI4QKxOYDy9JAro3WMX7p2OeVRF9v+347pnakNevPmiHhNmZ2HbFA76w==

picocolors@^1.1.1:
  version "1.1.1"
  resolved "https://registry.npmjs.org/picocolors/-/picocolors-1.1.1.tgz"
  integrity sha512-xceH2snhtb5M9liqDsmEw56le376mTZkEX/jEb/RxNFyegNul7eNslCXP9FDj/Lcu0X8KEyMceP2ntpaHrDEVA==

postcss@^8.5.3:
  version "8.5.3"
  resolved "https://registry.npmjs.org/postcss/-/postcss-8.5.3.tgz"
  integrity sha512-dle9A3yYxlBSrt8Fu+IpjGT8SY8hN0mlaA6GY8t0P5PjIOZemULz/E2Bnm/2dcUOena75OTNkHI76uZBNUUq3A==
  dependencies:
    nanoid "^3.3.8"
    picocolors "^1.1.1"
    source-map-js "^1.2.1"

rollup@^4.30.1:
  version "4.40.0"
  resolved "https://registry.npmjs.org/rollup/-/rollup-4.40.0.tgz"
  integrity sha512-Noe455xmA96nnqH5piFtLobsGbCij7Tu+tb3c1vYjNbTkfzGqXqQXG3wJaYXkRZuQ0vEYN4bhwg7QnIrqB5B+w==
  dependencies:
    "@types/estree" "1.0.7"
  optionalDependencies:
    "@rollup/rollup-android-arm-eabi" "4.40.0"
    "@rollup/rollup-android-arm64" "4.40.0"
    "@rollup/rollup-darwin-arm64" "4.40.0"
    "@rollup/rollup-darwin-x64" "4.40.0"
    "@rollup/rollup-freebsd-arm64" "4.40.0"
    "@rollup/rollup-freebsd-x64" "4.40.0"
    "@rollup/rollup-linux-arm-gnueabihf" "4.40.0"
    "@rollup/rollup-linux-arm-musleabihf" "4.40.0"
    "@rollup/rollup-linux-arm64-gnu" "4.40.0"
    "@rollup/rollup-linux-arm64-musl" "4.40.0"
    "@rollup/rollup-linux-loongarch64-gnu" "4.40.0"
    "@rollup/rollup-linux-powerpc64le-gnu" "4.40.0"
    "@rollup/rollup-linux-riscv64-gnu" "4.40.0"
    "@rollup/rollup-linux-riscv64-musl" "4.40.0"
    "@rollup/rollup-linux-s390x-gnu" "4.40.0"
    "@rollup/rollup-linux-x64-gnu" "4.40.0"
    "@rollup/rollup-linux-x64-musl" "4.40.0"
    "@rollup/rollup-win32-arm64-msvc" "4.40.0"
    "@rollup/rollup-win32-ia32-msvc" "4.40.0"
    "@rollup/rollup-win32-x64-msvc" "4.40.0"
    fsevents "~2.3.2"

socket.io-client@^4.8.1:
  version "4.8.1"
  resolved "https://registry.npmjs.org/socket.io-client/-/socket.io-client-4.8.1.tgz"
  integrity sha512-hJVXfu3E28NmzGk8o1sHhN3om52tRvwYeidbj7xKy2eIIse5IoKX3USlS6Tqt3BHAtflLIkCQBkzVrEEfWUyYQ==
  dependencies:
    "@socket.io/component-emitter" "~3.1.0"
    debug "~4.3.2"
    engine.io-client "~6.6.1"
    socket.io-parser "~4.2.4"

socket.io-parser@~4.2.4:
  version "4.2.4"
  resolved "https://registry.npmjs.org/socket.io-parser/-/socket.io-parser-4.2.4.tgz"
  integrity sha512-/GbIKmo8ioc+NIWIhwdecY0ge+qVBSMdgxGygevmdHj24bsfgtCmcUUcQ5ZzcylGFHsN3k4HB4Cgkl96KVnuew==
  dependencies:
    "@socket.io/component-emitter" "~3.1.0"
    debug "~4.3.1"

source-map-js@^1.2.1:
  version "1.2.1"
  resolved "https://registry.npmjs.org/source-map-js/-/source-map-js-1.2.1.tgz"
  integrity sha512-UXWMKhLOwVKb728IUtQPXxfYU+usdybtUrK/8uGE8CQMvrhOpwvzDBwj0QhSL7MQc7vIsISBG8VQ8+IDQxpfQA==

typescript@~5.7.2:
  version "5.7.3"
  resolved "https://registry.npmjs.org/typescript/-/typescript-5.7.3.tgz"
  integrity sha512-84MVSjMEHP+FQRPy3pX9sTVV/INIex71s9TL2Gm5FG/WG1SqXeKyZ0k7/blY/4FdOzI12CBy1vGc4og/eus0fw==

vite@^6.2.6:
  version "6.2.6"
  resolved "https://registry.npmjs.org/vite/-/vite-6.2.6.tgz"
  integrity sha512-9xpjNl3kR4rVDZgPNdTL0/c6ao4km69a/2ihNQbcANz8RuCOK3hQBmLSJf3bRKVQjVMda+YvizNE8AwvogcPbw==
  dependencies:
    esbuild "^0.25.0"
    postcss "^8.5.3"
    rollup "^4.30.1"
  optionalDependencies:
    fsevents "~2.3.3"

ws@~8.17.1:
  version "8.17.1"
  resolved "https://registry.npmjs.org/ws/-/ws-8.17.1.tgz"
  integrity sha512-6XQFvXTkbfUOZOKKILFG1PDK2NDQs4azKQl26T0YS5CxqWLgXajbPZ+h4gZekJyRqFU8pvnbAbbs/3TgRPy+GQ==

xmlhttprequest-ssl@~2.1.1:
  version "2.1.2"
  resolved "https://registry.npmjs.org/xmlhttprequest-ssl/-/xmlhttprequest-ssl-2.1.2.tgz"
  integrity sha512-TEU+nJVUUnA4CYJFLvK5X9AOeH4KvDvhIfm0vV1GaQRtchnG0hgK5p8hw/xjv8cunWYCsiPCSDzObPyhEwq3KQ==
